Microsoft Visual Studio Solution File, Format Version 12.00
# Visual Studio 2012
Project("{FAE04EC0-301F-11D3-BF4B-00C04F79EFBC}") = "Godotproj 2", "Godotproj 2.csproj", "{B883BAFA-4584-45B4-8A17-95FC97F6158B}"
EndProject
Global
	GlobalSection(SolutionConfigurationPlatforms) = preSolution
	Debug|Any CPU = Debug|Any CPU
	ExportDebug|Any CPU = ExportDebug|Any CPU
	ExportRelease|Any CPU = ExportRelease|Any CPU
	EndGlobalSection
	GlobalSection(ProjectConfigurationPlatforms) = postSolution
		{B883BAFA-4584-45B4-8A17-95FC97F6158B}.Debug|Any CPU.ActiveCfg = Debug|Any CPU
		{B883BAFA-4584-45B4-8A17-95FC97F6158B}.Debug|Any CPU.Build.0 = Debug|Any CPU
		{B883BAFA-4584-45B4-8A17-95FC97F6158B}.ExportDebug|Any CPU.ActiveCfg = ExportDebug|Any CPU
		{B883BAFA-4584-45B4-8A17-95FC97F6158B}.ExportDebug|Any CPU.Build.0 = ExportDebug|Any CPU
		{B883BAFA-4584-45B4-8A17-95FC97F6158B}.ExportRelease|Any CPU.ActiveCfg = ExportRelease|Any CPU
		{B883BAFA-4584-45B4-8A17-95FC97F6158B}.ExportRelease|Any CPU.Build.0 = ExportRelease|Any CPU
	EndGlobalSection
EndGlobal
